// !$*UTF8*$!
{
	archiveVersion = 1;
	classes = {
	};
	objectVersion = 50;
	objects = {

/* Begin PBXBuildFile section */
		9005459C2149BD690020284A /* AppDelegate.swift in Sources */ = {isa = PBXBuildFile; fileRef = 9005459B2149BD690020284A /* AppDelegate.swift */; };
		900545A12149BD690020284A /* Main.storyboard in Resources */ = {isa = PBXBuildFile; fileRef = 9005459F2149BD690020284A /* Main.storyboard */; };
		900545A32149BD6B0020284A /* Assets.xcassets in Resources */ = {isa = PBXBuildFile; fileRef = 900545A22149BD6B0020284A /* Assets.xcassets */; };
		900545A62149BD6B0020284A /* LaunchScreen.storyboard in Resources */ = {isa = PBXBuildFile; fileRef = 900545A42149BD6B0020284A /* LaunchScreen.storyboard */; };
		900545AE2149C3EE0020284A /* User.swift in Sources */ = {isa = PBXBuildFile; fileRef = 900545AD2149C3EE0020284A /* User.swift */; };
		900545B02149C45A0020284A /* Chat.swift in Sources */ = {isa = PBXBuildFile; fileRef = 900545AF2149C45A0020284A /* Chat.swift */; };
		900545B22149C4820020284A /* PickupGames.swift in Sources */ = {isa = PBXBuildFile; fileRef = 900545B12149C4820020284A /* PickupGames.swift */; };
/* End PBXBuildFile section */

/* Begin PBXFileReference section */
		900545982149BD690020284A /* PickupYaGame.app */ = {isa = PBXFileReference; explicitFileType = wrapper.application; includeInIndex = 0; path = PickupYaGame.app; sourceTree = BUILT_PRODUCTS_DIR; };
		9005459B2149BD690020284A /* AppDelegate.swift */ = {isa = PBXFileReference; lastKnownFileType = sourcecode.swift; path = AppDelegate.swift; sourceTree = "<group>"; };
		900545A02149BD690020284A /* Base */ = {isa = PBXFileReference; lastKnownFileType = file.storyboard; name = Base; path = Base.lproj/Main.storyboard; sourceTree = "<group>"; };
		900545A22149BD6B0020284A /* Assets.xcassets */ = {isa = PBXFileReference; lastKnownFileType = folder.assetcatalog; path = Assets.xcassets; sourceTree = "<group>"; };
		900545A52149BD6B0020284A /* Base */ = {isa = PBXFileReference; lastKnownFileType = file.storyboard; name = Base; path = Base.lproj/LaunchScreen.storyboard; sourceTree = "<group>"; };
		900545A72149BD6B0020284A /* Info.plist */ = {isa = PBXFileReference; lastKnownFileType = text.plist.xml; path = Info.plist; sourceTree = "<group>"; };
		900545AD2149C3EE0020284A /* User.swift */ = {isa = PBXFileReference; lastKnownFileType = sourcecode.swift; path = User.swift; sourceTree = "<group>"; };
		900545AF2149C45A0020284A /* Chat.swift */ = {isa = PBXFileReference; lastKnownFileType = sourcecode.swift; path = Chat.swift; sourceTree = "<group>"; };
		900545B12149C4820020284A /* PickupGames.swift */ = {isa = PBXFileReference; lastKnownFileType = sourcecode.swift; path = PickupGames.swift; sourceTree = "<group>"; };
/* End PBXFileReference section */

/* Begin PBXFrameworksBuildPhase section */
		900545952149BD690020284A /* Frameworks */ = {
			isa = PBXFrameworksBuildPhase;
			buildActionMask = 2147483647;
			files = (
			);
			runOnlyForDeploymentPostprocessing = 0;
		};
/* End PBXFrameworksBuildPhase section */

/* Begin PBXGroup section */
		9005458F2149BD680020284A = {
			isa = PBXGroup;
			children = (
				9005459A2149BD690020284A /* PickupYaGame */,
				900545992149BD690020284A /* Products */,
			);
			sourceTree = "<group>";
		};
		900545992149BD690020284A /* Products */ = {
			isa = PBXGroup;
			children = (
				900545982149BD690020284A /* PickupYaGame.app */,
			);
			name = Products;
			sourceTree = "<group>";
		};
		9005459A2149BD690020284A /* PickupYaGame */ = {
			isa = PBXGroup;
			children = (
				900545B32149C5170020284A /* Models */,
				9005459F2149BD690020284A /* Main.storyboard */,
				900545B42149C52A0020284A /* Resources */,
			);
			path = PickupYaGame;
			sourceTree = "<group>";
		};
		900545B32149C5170020284A /* Models */ = {
			isa = PBXGroup;
			children = (
				900545AD2149C3EE0020284A /* User.swift */,
				900545AF2149C45A0020284A /* Chat.swift */,
				900545B12149C4820020284A /* PickupGames.swift */,
			);
			path = Models;
			sourceTree = "<group>";
		};
		900545B42149C52A0020284A /* Resources */ = {
			isa = PBXGroup;
			children = (
				9005459B2149BD690020284A /* AppDelegate.swift */,
				900545A22149BD6B0020284A /* Assets.xcassets */,
				900545A42149BD6B0020284A /* LaunchScreen.storyboard */,
				900545A72149BD6B0020284A /* Info.plist */,
			);
			path = Resources;
			sourceTree = "<group>";
		};
/* End PBXGroup section */

/* Begin PBXNativeTarget section */
		900545972149BD690020284A /* PickupYaGame */ = {
			isa = PBXNativeTarget;
			buildConfigurationList = 900545AA2149BD6B0020284A /* Build configuration list for PBXNativeTarget "PickupYaGame" */;
			buildPhases = (
				900545942149BD690020284A /* Sources */,
				900545952149BD690020284A /* Frameworks */,
				900545962149BD690020284A /* Resources */,
			);
			buildRules = (
			);
			dependencies = (
			);
			name = PickupYaGame;
			productName = PickupYaGame;
			productReference = 900545982149BD690020284A /* PickupYaGame.app */;
			productType = "com.apple.product-type.application";
		};
/* End PBXNativeTarget section */

/* Begin PBXProject section */
		900545902149BD680020284A /* Project object */ = {
			isa = PBXProject;
			attributes = {
				LastSwiftUpdateCheck = 0940;
				LastUpgradeCheck = 0940;
				ORGANIZATIONNAME = SamWayne;
				TargetAttributes = {
					900545972149BD690020284A = {
						CreatedOnToolsVersion = 9.4.1;
					};
				};
			};
			buildConfigurationList = 900545932149BD680020284A /* Build configuration list for PBXProject "PickupYaGame" */;
			compatibilityVersion = "Xcode 9.3";
			developmentRegion = en;
			hasScannedForEncodings = 0;
			knownRegions = (
				en,
				Base,
			);
			mainGroup = 9005458F2149BD680020284A;
			productRefGroup = 900545992149BD690020284A /* Products */;
			projectDirPath = "";
			projectRoot = "";
			targets = (
				900545972149BD690020284A /* PickupYaGame */,
			);
		};
/* End PBXProject section */

/* Begin PBXResourcesBuildPhase section */
		900545962149BD690020284A /* Resources */ = {
			isa = PBXResourcesBuildPhase;
			buildActionMask = 2147483647;
			files = (
				900545A62149BD6B0020284A /* LaunchScreen.storyboard in Resources */,
				900545A32149BD6B0020284A /* Assets.xcassets in Resources */,
				900545A12149BD690020284A /* Main.storyboard in Resources */,
			);
			runOnlyForDeploymentPostprocessing = 0;
		};
/* End PBXResourcesBuildPhase section */

/* Begin PBXSourcesBuildPhase section */
		900545942149BD690020284A /* Sources */ = {
			isa = PBXSourcesBuildPhase;
			buildActionMask = 2147483647;
			files = (
				900545B02149C45A0020284A /* Chat.swift in Sources */,
				9005459C2149BD690020284A /* AppDelegate.swift in Sources */,
				900545AE2149C3EE0020284A /* User.swift in Sources */,
				900545B22149C4820020284A /* PickupGames.swift in Sources */,
			);
			runOnlyForDeploymentPostprocessing = 0;
		};
/* End PBXSourcesBuildPhase section */

/* Begin PBXVariantGroup section */
		9005459F2149BD690020284A /* Main.storyboard */ = {
			isa = PBXVariantGroup;
			children = (
				900545A02149BD690020284A /* Base */,
			);
			name = Main.storyboard;
			sourceTree = "<group>";
		};
		900545A42149BD6B0020284A /* LaunchScreen.storyboard */ = {
			isa = PBXVariantGroup;
			children = (
				900545A52149BD6B0020284A /* Base */,
			);
			name = LaunchScreen.storyboard;
			sourceTree = "<group>";
		};
/* End PBXVariantGroup section */

/* Begin XCBuildConfiguration section */
		900545A82149BD6B0020284A /* Debug */ = {
			isa = XCBuildConfiguration;
			buildSettings = {
				ALWAYS_SEARCH_USER_PATHS = NO;
				CLANG_ANALYZER_NONNULL = YES;
				CLANG_ANALYZER_NUMBER_OBJECT_CONVERSION = YES_AGGRESSIVE;
				CLANG_CXX_LANGUAGE_STANDARD = "gnu++14";
				CLANG_CXX_LIBRARY = "libc++";
				CLANG_ENABLE_MODULES = YES;
				CLANG_ENABLE_OBJC_ARC = YES;
				CLANG_ENABLE_OBJC_WEAK = YES;
				CLANG_WARN_BLOCK_CAPTURE_AUTORELEASING = YES;
				CLANG_WARN_BOOL_CONVERSION = YES;
				CLANG_WARN_COMMA = YES;
				CLANG_WARN_CONSTANT_CONVERSION = YES;
				CLANG_WARN_DEPRECATED_OBJC_IMPLEMENTATIONS = YES;
				CLANG_WARN_DIRECT_OBJC_ISA_USAGE = YES_ERROR;
				CLANG_WARN_DOCUMENTATION_COMMENTS = YES;
				CLANG_WARN_EMPTY_BODY = YES;
				CLANG_WARN_ENUM_CONVERSION = YES;
				CLANG_WARN_INFINITE_RECURSION = YES;
				CLANG_WARN_INT_CONVERSION = YES;
				CLANG_WARN_NON_LITERAL_NULL_CONVERSION = YES;
				CLANG_WARN_OBJC_IMPLICIT_RETAIN_SELF = YES;
				CLANG_WARN_OBJC_LITERAL_CONVERSION = YES;
				CLANG_WARN_OBJC_ROOT_CLASS = YES_ERROR;
				CLANG_WARN_RANGE_LOOP_ANALYSIS = YES;
				CLANG_WARN_STRICT_PROTOTYPES = YES;
				CLANG_WARN_SUSPICIOUS_MOVE = YES;
				CLANG_WARN_UNGUARDED_AVAILABILITY = YES_AGGRESSIVE;
				CLANG_WARN_UNREACHABLE_CODE = YES;
				CLANG_WARN__DUPLICATE_METHOD_MATCH = YES;
				CODE_SIGN_IDENTITY = "iPhone Developer";
				COPY_PHASE_STRIP = NO;
				DEBUG_INFORMATION_FORMAT = dwarf;
				ENABLE_STRICT_OBJC_MSGSEND = YES;
				ENABLE_TESTABILITY = YES;
				GCC_C_LANGUAGE_STANDARD = gnu11;
				GCC_DYNAMIC_NO_PIC = NO;
				GCC_NO_COMMON_BLOCKS = YES;
				GCC_OPTIMIZATION_LEVEL = 0;
				GCC_PREPROCESSOR_DEFINITIONS = (
					"DEBUG=1",
					"$(inherited)",
				);
				GCC_WARN_64_TO_32_BIT_CONVERSION = YES;
				GCC_WARN_ABOUT_RETURN_TYPE = YES_ERROR;
				GCC_WARN_UNDECLARED_SELECTOR = YES;
				GCC_WARN_UNINITIALIZED_AUTOS = YES_AGGRESSIVE;
				GCC_WARN_UNUSED_FUNCTION = YES;
				GCC_WARN_UNUSED_VARIABLE = YES;
				IPHONEOS_DEPLOYMENT_TARGET = 11.4;
				MTL_ENABLE_DEBUG_INFO = YES;
				ONLY_ACTIVE_ARCH = YES;
				SDKROOT = iphoneos;
				SWIFT_ACTIVE_COMPILATION_CONDITIONS = DEBUG;
				SWIFT_OPTIMIZATION_LEVEL = "-Onone";
			};
			name = Debug;
		};
		900545A92149BD6B0020284A /* Release */ = {
			isa = XCBuildConfiguration;
			buildSettings = {
				ALWAYS_SEARCH_USER_PATHS = NO;
				CLANG_ANALYZER_NONNULL = YES;
				CLANG_ANALYZER_NUMBER_OBJECT_CONVERSION = YES_AGGRESSIVE;
				CLANG_CXX_LANGUAGE_STANDARD = "gnu++14";
				CLANG_CXX_LIBRARY = "libc++";
				CLANG_ENABLE_MODULES = YES;
				CLANG_ENABLE_OBJC_ARC = YES;
				CLANG_ENABLE_OBJC_WEAK = YES;
				CLANG_WARN_BLOCK_CAPTURE_AUTORELEASING = YES;
				CLANG_WARN_BOOL_CONVERSION = YES;
				CLANG_WARN_COMMA = YES;
				CLANG_WARN_CONSTANT_CONVERSION = YES;
				CLANG_WARN_DEPRECATED_OBJC_IMPLEMENTATIONS = YES;
				CLANG_WARN_DIRECT_OBJC_ISA_USAGE = YES_ERROR;
				CLANG_WARN_DOCUMENTATION_COMMENTS = YES;
				CLANG_WARN_EMPTY_BODY = YES;
				CLANG_WARN_ENUM_CONVERSION = YES;
				CLANG_WARN_INFINITE_RECURSION = YES;
				CLANG_WARN_INT_CONVERSION = YES;
				CLANG_WARN_NON_LITERAL_NULL_CONVERSION = YES;
				CLANG_WARN_OBJC_IMPLICIT_RETAIN_SELF = YES;
				CLANG_WARN_OBJC_LITERAL_CONVERSION = YES;
				CLANG_WARN_OBJC_ROOT_CLASS = YES_ERROR;
				CLANG_WARN_RANGE_LOOP_ANALYSIS = YES;
				CLANG_WARN_STRICT_PROTOTYPES = YES;
				CLANG_WARN_SUSPICIOUS_MOVE = YES;
				CLANG_WARN_UNGUARDED_AVAILABILITY = YES_AGGRESSIVE;
				CLANG_WARN_UNREACHABLE_CODE = YES;
				CLANG_WARN__DUPLICATE_METHOD_MATCH = YES;
				CODE_SIGN_IDENTITY = "iPhone Developer";
				COPY_PHASE_STRIP = NO;
				DEBUG_INFORMATION_FORMAT = "dwarf-with-dsym";
				ENABLE_NS_ASSERTIONS = NO;
				ENABLE_STRICT_OBJC_MSGSEND = YES;
				GCC_C_LANGUAGE_STANDARD = gnu11;
				GCC_NO_COMMON_BLOCKS = YES;
				GCC_WARN_64_TO_32_BIT_CONVERSION = YES;
				GCC_WARN_ABOUT_RETURN_TYPE = YES_ERROR;
				GCC_WARN_UNDECLARED_SELECTOR = YES;
				GCC_WARN_UNINITIALIZED_AUTOS = YES_AGGRESSIVE;
				GCC_WARN_UNUSED_FUNCTION = YES;
				GCC_WARN_UNUSED_VARIABLE = YES;
				IPHONEOS_DEPLOYMENT_TARGET = 11.4;
				MTL_ENABLE_DEBUG_INFO = NO;
				SDKROOT = iphoneos;
				SWIFT_COMPILATION_MODE = wholemodule;
				SWIFT_OPTIMIZATION_LEVEL = "-O";
				VALIDATE_PRODUCT = YES;
			};
			name = Release;
		};
		900545AB2149BD6B0020284A /* Debug */ = {
			isa = XCBuildConfiguration;
			buildSettings = {
				ASSETCATALOG_COMPILER_APPICON_NAME = AppIcon;
				CODE_SIGN_STYLE = Automatic;
				DEVELOPMENT_TEAM = 96XK4QDZ27;
				INFOPLIST_FILE = PickupYaGame/Info.plist;
				LD_RUNPATH_SEARCH_PATHS = (
					"$(inherited)",
					"@executable_path/Frameworks",
				);
				PRODUCT_BUNDLE_IDENTIFIER = com.SamWayne.PickupYaGame;
				PRODUCT_NAME = "$(TARGET_NAME)";
				SWIFT_VERSION = 4.0;
				TARGETED_DEVICE_FAMILY = "1,2";
			};
			name = Debug;
		};
		900545AC2149BD6B0020284A /* Release */ = {
			isa = XCBuildConfiguration;
			buildSettings = {
				ASSETCATALOG_COMPILER_APPICON_NAME = AppIcon;
				CODE_SIGN_STYLE = Automatic;
				DEVELOPMENT_TEAM = 96XK4QDZ27;
				INFOPLIST_FILE = PickupYaGame/Info.plist;
				LD_RUNPATH_SEARCH_PATHS = (
					"$(inherited)",
					"@executable_path/Frameworks",
				);
				PRODUCT_BUNDLE_IDENTIFIER = com.SamWayne.PickupYaGame;
				PRODUCT_NAME = "$(TARGET_NAME)";
				SWIFT_VERSION = 4.0;
				TARGETED_DEVICE_FAMILY = "1,2";
			};
			name = Release;
		};
/* End XCBuildConfiguration section */

/* Begin XCConfigurationList section */
		900545932149BD680020284A /* Build configuration list for PBXProject "PickupYaGame" */ = {
			isa = XCConfigurationList;
			buildConfigurations = (
				900545A82149BD6B0020284A /* Debug */,
				900545A92149BD6B0020284A /* Release */,
			);
			defaultConfigurationIsVisible = 0;
			defaultConfigurationName = Release;
		};
		900545AA2149BD6B0020284A /* Build configuration list for PBXNativeTarget "PickupYaGame" */ = {
			isa = XCConfigurationList;
			buildConfigurations = (
				900545AB2149BD6B0020284A /* Debug */,
				900545AC2149BD6B0020284A /* Release */,
			);
			defaultConfigurationIsVisible = 0;
			defaultConfigurationName = Release;
		};
/* End XCConfigurationList section */
	};
	rootObject = 900545902149BD680020284A /* Project object */;
}
